
Microsoft Visual Studio Solution File, Format Version 12.00
# Visual Studio 2013
VisualStudioVersion = 12.0.21005.1
MinimumVisualStudioVersion = 10.0.40219.1
Project("{8BC9CEB8-8B4A-11D0-8D11-00A0C91BC942}") = "core", "core\core.vcxproj", "{8C80C76D-F437-4C69-BC94-252AC44171C2}"
EndProject
Project("{8BC9CEB8-8B4A-11D0-8D11-00A0C91BC942}") = "gui", "gui\gui.vcxproj", "{89DB54E6-EFE1-4722-BD31-27FEBE39DFC6}"
EndProject
Project("{8BC9CEB8-8B4A-11D0-8D11-00A0C91BC942}") = "sample", "SampleCode\sample.vcxproj", "{289E64C1-73C4-4533-9A06-9DDBF52235BB}"
EndProject
Project("{8BC9CEB8-8B4A-11D0-8D11-00A0C91BC942}") = "sample_native", "sample_native\sample_native.vcxproj", "{68DE856B-07CE-4CCA-B62A-DCC9F9281E93}"
	ProjectSection(ProjectDependencies) = postProject
		{8C80C76D-F437-4C69-BC94-252AC44171C2} = {8C80C76D-F437-4C69-BC94-252AC44171C2}
	EndProjectSection
EndProject
Project("{8BC9CEB8-8B4A-11D0-8D11-00A0C91BC942}") = "sample-win32Gui", "sample-win32Gui\sample-win32Gui.vcxproj", "{DA972185-DDC4-4E97-9CE4-C18294FB0F4B}"
	ProjectSection(ProjectDependencies) = postProject
		{8C80C76D-F437-4C69-BC94-252AC44171C2} = {8C80C76D-F437-4C69-BC94-252AC44171C2}
		{289E64C1-73C4-4533-9A06-9DDBF52235BB} = {289E64C1-73C4-4533-9A06-9DDBF52235BB}
		{89DB54E6-EFE1-4722-BD31-27FEBE39DFC6} = {89DB54E6-EFE1-4722-BD31-27FEBE39DFC6}
	EndProjectSection
EndProject
Global
	GlobalSection(SolutionConfigurationPlatforms) = preSolution
		Debug|Mixed Platforms = Debug|Mixed Platforms
		Debug|Win32 = Debug|Win32
		Debug|x64 = Debug|x64
		Debug|x86 = Debug|x86
		Release|Mixed Platforms = Release|Mixed Platforms
		Release|Win32 = Release|Win32
		Release|x64 = Release|x64
		Release|x86 = Release|x86
	EndGlobalSection
	GlobalSection(ProjectConfigurationPlatforms) = postSolution
		{8C80C76D-F437-4C69-BC94-252AC44171C2}.Debug|Mixed Platforms.ActiveCfg = Debug|Win32
		{8C80C76D-F437-4C69-BC94-252AC44171C2}.Debug|Mixed Platforms.Build.0 = Debug|Win32
		{8C80C76D-F437-4C69-BC94-252AC44171C2}.Debug|Win32.ActiveCfg = Debug|Win32
		{8C80C76D-F437-4C69-BC94-252AC44171C2}.Debug|Win32.Build.0 = Debug|Win32
		{8C80C76D-F437-4C69-BC94-252AC44171C2}.Debug|x64.ActiveCfg = Debug|x64
		{8C80C76D-F437-4C69-BC94-252AC44171C2}.Debug|x64.Build.0 = Debug|x64
		{8C80C76D-F437-4C69-BC94-252AC44171C2}.Debug|x86.ActiveCfg = Debug|Win32
		{8C80C76D-F437-4C69-BC94-252AC44171C2}.Debug|x86.Build.0 = Debug|Win32
		{8C80C76D-F437-4C69-BC94-252AC44171C2}.Release|Mixed Platforms.ActiveCfg = Release|Win32
		{8C80C76D-F437-4C69-BC94-252AC44171C2}.Release|Mixed Platforms.Build.0 = Release|Win32
		{8C80C76D-F437-4C69-BC94-252AC44171C2}.Release|Win32.ActiveCfg = Release|Win32
		{8C80C76D-F437-4C69-BC94-252AC44171C2}.Release|Win32.Build.0 = Release|Win32
		{8C80C76D-F437-4C69-BC94-252AC44171C2}.Release|x64.ActiveCfg = Release|x64
		{8C80C76D-F437-4C69-BC94-252AC44171C2}.Release|x64.Build.0 = Release|x64
		{8C80C76D-F437-4C69-BC94-252AC44171C2}.Release|x86.ActiveCfg = Release|Win32
		{8C80C76D-F437-4C69-BC94-252AC44171C2}.Release|x86.Build.0 = Release|Win32
		{89DB54E6-EFE1-4722-BD31-27FEBE39DFC6}.Debug|Mixed Platforms.ActiveCfg = Debug|Win32
		{89DB54E6-EFE1-4722-BD31-27FEBE39DFC6}.Debug|Mixed Platforms.Build.0 = Debug|Win32
		{89DB54E6-EFE1-4722-BD31-27FEBE39DFC6}.Debug|Win32.ActiveCfg = Debug|Win32
		{89DB54E6-EFE1-4722-BD31-27FEBE39DFC6}.Debug|Win32.Build.0 = Debug|Win32
		{89DB54E6-EFE1-4722-BD31-27FEBE39DFC6}.Debug|x64.ActiveCfg = Debug|x64
		{89DB54E6-EFE1-4722-BD31-27FEBE39DFC6}.Debug|x64.Build.0 = Debug|x64
		{89DB54E6-EFE1-4722-BD31-27FEBE39DFC6}.Debug|x86.ActiveCfg = Debug|Win32
		{89DB54E6-EFE1-4722-BD31-27FEBE39DFC6}.Debug|x86.Build.0 = Debug|Win32
		{89DB54E6-EFE1-4722-BD31-27FEBE39DFC6}.Release|Mixed Platforms.ActiveCfg = Release|Win32
		{89DB54E6-EFE1-4722-BD31-27FEBE39DFC6}.Release|Mixed Platforms.Build.0 = Release|Win32
		{89DB54E6-EFE1-4722-BD31-27FEBE39DFC6}.Release|Win32.ActiveCfg = Release|Win32
		{89DB54E6-EFE1-4722-BD31-27FEBE39DFC6}.Release|Win32.Build.0 = Release|Win32
		{89DB54E6-EFE1-4722-BD31-27FEBE39DFC6}.Release|x64.ActiveCfg = Release|x64
		{89DB54E6-EFE1-4722-BD31-27FEBE39DFC6}.Release|x64.Build.0 = Release|x64
		{89DB54E6-EFE1-4722-BD31-27FEBE39DFC6}.Release|x86.ActiveCfg = Release|Win32
		{89DB54E6-EFE1-4722-BD31-27FEBE39DFC6}.Release|x86.Build.0 = Release|Win32
		{289E64C1-73C4-4533-9A06-9DDBF52235BB}.Debug|Mixed Platforms.ActiveCfg = Debug|Win32
		{289E64C1-73C4-4533-9A06-9DDBF52235BB}.Debug|Mixed Platforms.Build.0 = Debug|Win32
		{289E64C1-73C4-4533-9A06-9DDBF52235BB}.Debug|Win32.ActiveCfg = Debug|Win32
		{289E64C1-73C4-4533-9A06-9DDBF52235BB}.Debug|Win32.Build.0 = Debug|Win32
		{289E64C1-73C4-4533-9A06-9DDBF52235BB}.Debug|x64.ActiveCfg = Debug|x64
		{289E64C1-73C4-4533-9A06-9DDBF52235BB}.Debug|x64.Build.0 = Debug|x64
		{289E64C1-73C4-4533-9A06-9DDBF52235BB}.Debug|x86.ActiveCfg = Debug|Win32
		{289E64C1-73C4-4533-9A06-9DDBF52235BB}.Debug|x86.Build.0 = Debug|Win32
		{289E64C1-73C4-4533-9A06-9DDBF52235BB}.Release|Mixed Platforms.ActiveCfg = Release|Win32
		{289E64C1-73C4-4533-9A06-9DDBF52235BB}.Release|Mixed Platforms.Build.0 = Release|Win32
		{289E64C1-73C4-4533-9A06-9DDBF52235BB}.Release|Win32.ActiveCfg = Release|Win32
		{289E64C1-73C4-4533-9A06-9DDBF52235BB}.Release|Win32.Build.0 = Release|Win32
		{289E64C1-73C4-4533-9A06-9DDBF52235BB}.Release|x64.ActiveCfg = Release|x64
		{289E64C1-73C4-4533-9A06-9DDBF52235BB}.Release|x64.Build.0 = Release|x64
		{289E64C1-73C4-4533-9A06-9DDBF52235BB}.Release|x86.ActiveCfg = Release|Win32
		{289E64C1-73C4-4533-9A06-9DDBF52235BB}.Release|x86.Build.0 = Release|Win32
		{68DE856B-07CE-4CCA-B62A-DCC9F9281E93}.Debug|Mixed Platforms.ActiveCfg = Debug|Win32
		{68DE856B-07CE-4CCA-B62A-DCC9F9281E93}.Debug|Mixed Platforms.Build.0 = Debug|Win32
		{68DE856B-07CE-4CCA-B62A-DCC9F9281E93}.Debug|Win32.ActiveCfg = Debug|Win32
		{68DE856B-07CE-4CCA-B62A-DCC9F9281E93}.Debug|Win32.Build.0 = Debug|Win32
		{68DE856B-07CE-4CCA-B62A-DCC9F9281E93}.Debug|x64.ActiveCfg = Debug|x64
		{68DE856B-07CE-4CCA-B62A-DCC9F9281E93}.Debug|x64.Build.0 = Debug|x64
		{68DE856B-07CE-4CCA-B62A-DCC9F9281E93}.Debug|x86.ActiveCfg = Debug|Win32
		{68DE856B-07CE-4CCA-B62A-DCC9F9281E93}.Debug|x86.Build.0 = Debug|Win32
		{68DE856B-07CE-4CCA-B62A-DCC9F9281E93}.Release|Mixed Platforms.ActiveCfg = Release|Win32
		{68DE856B-07CE-4CCA-B62A-DCC9F9281E93}.Release|Mixed Platforms.Build.0 = Release|Win32
		{68DE856B-07CE-4CCA-B62A-DCC9F9281E93}.Release|Win32.ActiveCfg = Release|Win32
		{68DE856B-07CE-4CCA-B62A-DCC9F9281E93}.Release|Win32.Build.0 = Release|Win32
		{68DE856B-07CE-4CCA-B62A-DCC9F9281E93}.Release|x64.ActiveCfg = Release|x64
		{68DE856B-07CE-4CCA-B62A-DCC9F9281E93}.Release|x64.Build.0 = Release|x64
		{68DE856B-07CE-4CCA-B62A-DCC9F9281E93}.Release|x86.ActiveCfg = Release|Win32
		{68DE856B-07CE-4CCA-B62A-DCC9F9281E93}.Release|x86.Build.0 = Release|Win32
		{DA972185-DDC4-4E97-9CE4-C18294FB0F4B}.Debug|Mixed Platforms.ActiveCfg = Debug|Win32
		{DA972185-DDC4-4E97-9CE4-C18294FB0F4B}.Debug|Mixed Platforms.Build.0 = Debug|Win32
		{DA972185-DDC4-4E97-9CE4-C18294FB0F4B}.Debug|Win32.ActiveCfg = Debug|Win32
		{DA972185-DDC4-4E97-9CE4-C18294FB0F4B}.Debug|Win32.Build.0 = Debug|Win32
		{DA972185-DDC4-4E97-9CE4-C18294FB0F4B}.Debug|x64.ActiveCfg = Debug|Win32
		{DA972185-DDC4-4E97-9CE4-C18294FB0F4B}.Debug|x86.ActiveCfg = Debug|Win32
		{DA972185-DDC4-4E97-9CE4-C18294FB0F4B}.Debug|x86.Build.0 = Debug|Win32
		{DA972185-DDC4-4E97-9CE4-C18294FB0F4B}.Release|Mixed Platforms.ActiveCfg = Release|Win32
		{DA972185-DDC4-4E97-9CE4-C18294FB0F4B}.Release|Mixed Platforms.Build.0 = Release|Win32
		{DA972185-DDC4-4E97-9CE4-C18294FB0F4B}.Release|Win32.ActiveCfg = Release|Win32
		{DA972185-DDC4-4E97-9CE4-C18294FB0F4B}.Release|Win32.Build.0 = Release|Win32
		{DA972185-DDC4-4E97-9CE4-C18294FB0F4B}.Release|x64.ActiveCfg = Release|Win32
		{DA972185-DDC4-4E97-9CE4-C18294FB0F4B}.Release|x86.ActiveCfg = Release|Win32
		{DA972185-DDC4-4E97-9CE4-C18294FB0F4B}.Release|x86.Build.0 = Release|Win32
	EndGlobalSection
	GlobalSection(SolutionProperties) = preSolution
		HideSolutionNode = FALSE
	EndGlobalSection
EndGlobal
